
Microsoft Visual Studio Solution File, Format Version 12.00
Project("{FAE04EC0-301F-11D3-BF4B-00C04F79EFBC}") = "UploadFolders", "UploadFolders\UploadFolders.csproj", "{D228C8B7-1805-4E61-86D3-EAD5A0F001AA}"
EndProject
Global
	GlobalSection(SolutionConfigurationPlatforms) = preSolution
		Debug|Any CPU = Debug|Any CPU
		Release|Any CPU = Release|Any CPU
	EndGlobalSection
	GlobalSection(ProjectConfigurationPlatforms) = postSolution
		{D228C8B7-1805-4E61-86D3-EAD5A0F001AA}.Debug|Any CPU.ActiveCfg = Debug|Any CPU
		{D228C8B7-1805-4E61-86D3-EAD5A0F001AA}.Debug|Any CPU.Build.0 = Debug|Any CPU
		{D228C8B7-1805-4E61-86D3-EAD5A0F001AA}.Release|Any CPU.ActiveCfg = Release|Any CPU
		{D228C8B7-1805-4E61-86D3-EAD5A0F001AA}.Release|Any CPU.Build.0 = Release|Any CPU
	EndGlobalSection
EndGlobal
